
Microsoft Visual Studio Solution File, Format Version 12.00
# Visual Studio 15
VisualStudioVersion = 15.0.27703.2035
MinimumVisualStudioVersion = 10.0.40219.1
Project("{FAE04EC0-301F-11D3-BF4B-00C04F79EFBC}") = "SpecHepler.MVC", "SpecHepler.MVC\SpecHepler.MVC.csproj", "{6BC87037-8E03-48CF-A73B-41CF7E76F921}"
EndProject
Global
	GlobalSection(SolutionConfigurationPlatforms) = preSolution
		Debug|Any CPU = Debug|Any CPU
		Release|Any CPU = Release|Any CPU
	EndGlobalSection
	GlobalSection(ProjectConfigurationPlatforms) = postSolution
		{6BC87037-8E03-48CF-A73B-41CF7E76F921}.Debug|Any CPU.ActiveCfg = Debug|Any CPU
		{6BC87037-8E03-48CF-A73B-41CF7E76F921}.Debug|Any CPU.Build.0 = Debug|Any CPU
		{6BC87037-8E03-48CF-A73B-41CF7E76F921}.Release|Any CPU.ActiveCfg = Release|Any CPU
		{6BC87037-8E03-48CF-A73B-41CF7E76F921}.Release|Any CPU.Build.0 = Release|Any CPU
	EndGlobalSection
	GlobalSection(SolutionProperties) = preSolution
		HideSolutionNode = FALSE
	EndGlobalSection
	GlobalSection(ExtensibilityGlobals) = postSolution
		SolutionGuid = {CCD8F170-42CC-457B-9454-83F1908D4C9D}
	EndGlobalSection
EndGlobal
